{
	"name": "pixlcore.com",
	"version": "1.0.0",
	"lockfileVersion": 3,
	"requires": true,
	"packages": {
		"": {
			"name": "pixlcore.com",
			"version": "1.0.0",
			"license": "Private",
			"dependencies": {
				"@mdi/font": "7.4.47",
				"@mdi/svg": "7.4.47",
				"async": "2.6.4",
				"class-plus": "^2.0.0",
				"codemirror": "5.58.3",
				"jquery": "3.6.0",
				"marked": "2.0.3",
				"mime": "2.5.2",
				"orchestra-theme": "^2.0.0",
				"pixl-cache": "^1.0.6",
				"pixl-cli": "^1.0.11",
				"pixl-request": "^2.0.3",
				"pixl-tools": "^1.0.24",
				"pixl-xml": "^1.0.13",
				"uglify-js": "3.13.5",
				"unscroll": "1.0.7"
			}
		},
		"../../node_modules/class-plus": {
			"version": "2.0.0",
			"license": "MIT",
			"devDependencies": {
				"pixl-unit": "^1.0.0"
			}
		},
		"../../node_modules/orchestra-theme": {
			"version": "2.0.0",
			"license": "MIT"
		},
		"../../node_modules/pixl-args": {
			"version": "1.0.4",
			"license": "MIT",
			"dependencies": {
				"pixl-class": "^1.0.3"
			},
			"devDependencies": {}
		},
		"../../node_modules/pixl-args/node_modules/pixl-class": {
			"resolved": "../../node_modules/pixl-class",
			"link": true
		},
		"../../node_modules/pixl-class": {
			"version": "1.0.3",
			"license": "MIT",
			"devDependencies": {}
		},
		"../../node_modules/pixl-cli": {
			"version": "1.0.17",
			"license": "MIT",
			"dependencies": {
				"chalk": "2.4.1",
				"pixl-args": "^1.0.0",
				"pixl-class": "^1.0.3",
				"pixl-tools": "^1.0.35",
				"repeating": "3.0.0",
				"string-width": "4.2.0",
				"widest-line": "3.0.0",
				"word-wrap": "1.2.4"
			},
			"devDependencies": {}
		},
		"../../node_modules/pixl-cli/node_modules/ansi-regex": {
			"version": "5.0.1",
			"license": "MIT",
			"engines": {
				"node": ">=8"
			}
		},
		"../../node_modules/pixl-cli/node_modules/ansi-styles": {
			"version": "3.2.1",
			"license": "MIT",
			"dependencies": {
				"color-convert": "^1.9.0"
			},
			"engines": {
				"node": ">=4"
			}
		},
		"../../node_modules/pixl-cli/node_modules/chalk": {
			"version": "2.4.1",
			"license": "MIT",
			"dependencies": {
				"ansi-styles": "^3.2.1",
				"escape-string-regexp": "^1.0.5",
				"supports-color": "^5.3.0"
			},
			"engines": {
				"node": ">=4"
			}
		},
		"../../node_modules/pixl-cli/node_modules/color-convert": {
			"version": "1.9.3",
			"license": "MIT",
			"dependencies": {
				"color-name": "1.1.3"
			}
		},
		"../../node_modules/pixl-cli/node_modules/color-name": {
			"version": "1.1.3",
			"license": "MIT"
		},
		"../../node_modules/pixl-cli/node_modules/emoji-regex": {
			"version": "8.0.0",
			"license": "MIT"
		},
		"../../node_modules/pixl-cli/node_modules/escape-string-regexp": {
			"version": "1.0.5",
			"license": "MIT",
			"engines": {
				"node": ">=0.8.0"
			}
		},
		"../../node_modules/pixl-cli/node_modules/has-flag": {
			"version": "3.0.0",
			"license": "MIT",
			"engines": {
				"node": ">=4"
			}
		},
		"../../node_modules/pixl-cli/node_modules/is-fullwidth-code-point": {
			"version": "3.0.0",
			"license": "MIT",
			"engines": {
				"node": ">=8"
			}
		},
		"../../node_modules/pixl-cli/node_modules/pixl-args": {
			"resolved": "../../node_modules/pixl-args",
			"link": true
		},
		"../../node_modules/pixl-cli/node_modules/pixl-class": {
			"resolved": "../../node_modules/pixl-class",
			"link": true
		},
		"../../node_modules/pixl-cli/node_modules/pixl-tools": {
			"resolved": "../../node_modules/pixl-tools",
			"link": true
		},
		"../../node_modules/pixl-cli/node_modules/repeating": {
			"version": "3.0.0",
			"license": "MIT",
			"engines": {
				"node": ">=4"
			}
		},
		"../../node_modules/pixl-cli/node_modules/string-width": {
			"version": "4.2.0",
			"license": "MIT",
			"dependencies": {
				"emoji-regex": "^8.0.0",
				"is-fullwidth-code-point": "^3.0.0",
				"strip-ansi": "^6.0.0"
			},
			"engines": {
				"node": ">=8"
			}
		},
		"../../node_modules/pixl-cli/node_modules/strip-ansi": {
			"version": "6.0.1",
			"license": "MIT",
			"dependencies": {
				"ansi-regex": "^5.0.1"
			},
			"engines": {
				"node": ">=8"
			}
		},
		"../../node_modules/pixl-cli/node_modules/supports-color": {
			"version": "5.5.0",
			"license": "MIT",
			"dependencies": {
				"has-flag": "^3.0.0"
			},
			"engines": {
				"node": ">=4"
			}
		},
		"../../node_modules/pixl-cli/node_modules/widest-line": {
			"version": "3.0.0",
			"license": "MIT",
			"dependencies": {
				"string-width": "^4.0.0"
			},
			"engines": {
				"node": ">=8"
			}
		},
		"../../node_modules/pixl-cli/node_modules/word-wrap": {
			"version": "1.2.3",
			"license": "MIT",
			"engines": {
				"node": ">=0.10.0"
			}
		},
		"../../node_modules/pixl-tools": {
			"version": "1.0.36",
			"license": "MIT",
			"dependencies": {
				"async": "2.6.4",
				"errno": "0.1.7",
				"glob": "5.0.15",
				"rimraf": "2.6.3"
			},
			"devDependencies": {}
		},
		"../../node_modules/pixl-tools/node_modules/async": {
			"version": "2.6.1",
			"license": "MIT",
			"dependencies": {
				"lodash": "^4.17.10"
			}
		},
		"../../node_modules/pixl-tools/node_modules/balanced-match": {
			"version": "1.0.0",
			"license": "MIT"
		},
		"../../node_modules/pixl-tools/node_modules/brace-expansion": {
			"version": "1.1.11",
			"license": "MIT",
			"dependencies": {
				"balanced-match": "^1.0.0",
				"concat-map": "0.0.1"
			}
		},
		"../../node_modules/pixl-tools/node_modules/concat-map": {
			"version": "0.0.1",
			"license": "MIT"
		},
		"../../node_modules/pixl-tools/node_modules/errno": {
			"version": "0.1.7",
			"license": "MIT",
			"dependencies": {
				"prr": "~1.0.1"
			},
			"bin": {
				"errno": "cli.js"
			}
		},
		"../../node_modules/pixl-tools/node_modules/fs.realpath": {
			"version": "1.0.0",
			"license": "ISC"
		},
		"../../node_modules/pixl-tools/node_modules/glob": {
			"version": "5.0.15",
			"license": "ISC",
			"dependencies": {
				"inflight": "^1.0.4",
				"inherits": "2",
				"minimatch": "2 || 3",
				"once": "^1.3.0",
				"path-is-absolute": "^1.0.0"
			},
			"engines": {
				"node": "*"
			}
		},
		"../../node_modules/pixl-tools/node_modules/inflight": {
			"version": "1.0.6",
			"license": "ISC",
			"dependencies": {
				"once": "^1.3.0",
				"wrappy": "1"
			}
		},
		"../../node_modules/pixl-tools/node_modules/inherits": {
			"version": "2.0.3",
			"license": "ISC"
		},
		"../../node_modules/pixl-tools/node_modules/lodash": {
			"version": "4.17.11",
			"license": "MIT"
		},
		"../../node_modules/pixl-tools/node_modules/minimatch": {
			"version": "3.0.4",
			"license": "ISC",
			"dependencies": {
				"brace-expansion": "^1.1.7"
			},
			"engines": {
				"node": "*"
			}
		},
		"../../node_modules/pixl-tools/node_modules/once": {
			"version": "1.4.0",
			"license": "ISC",
			"dependencies": {
				"wrappy": "1"
			}
		},
		"../../node_modules/pixl-tools/node_modules/path-is-absolute": {
			"version": "1.0.1",
			"license": "MIT",
			"engines": {
				"node": ">=0.10.0"
			}
		},
		"../../node_modules/pixl-tools/node_modules/prr": {
			"version": "1.0.1",
			"license": "MIT"
		},
		"../../node_modules/pixl-tools/node_modules/rimraf": {
			"version": "2.6.3",
			"license": "ISC",
			"dependencies": {
				"glob": "^7.1.3"
			},
			"bin": {
				"rimraf": "bin.js"
			}
		},
		"../../node_modules/pixl-tools/node_modules/rimraf/node_modules/glob": {
			"version": "7.1.4",
			"license": "ISC",
			"dependencies": {
				"fs.realpath": "^1.0.0",
				"inflight": "^1.0.4",
				"inherits": "2",
				"minimatch": "^3.0.4",
				"once": "^1.3.0",
				"path-is-absolute": "^1.0.0"
			},
			"engines": {
				"node": "*"
			}
		},
		"../../node_modules/pixl-tools/node_modules/wrappy": {
			"version": "1.0.2",
			"license": "ISC"
		},
		"../zeroupload": {
			"version": "1.0.0",
			"extraneous": true,
			"license": "MIT"
		},
		"node_modules/@mdi/font": {
			"version": "7.4.47",
			"resolved": "https://registry.npmjs.org/@mdi/font/-/font-7.4.47.tgz",
			"integrity": "sha512-43MtGpd585SNzHZPcYowu/84Vz2a2g31TvPMTm9uTiCSWzaheQySUcSyUH/46fPnuPQWof2yd0pGBtzee/IQWw=="
		},
		"node_modules/@mdi/svg": {
			"version": "7.4.47",
			"resolved": "https://registry.npmjs.org/@mdi/svg/-/svg-7.4.47.tgz",
			"integrity": "sha512-WQ2gDll12T9WD34fdRFgQVgO8bag3gavrAgJ0frN4phlwdJARpE6gO1YvLEMJR0KKgoc+/Ea/A0Pp11I00xBvw=="
		},
		"node_modules/async": {
			"version": "2.6.4",
			"license": "MIT",
			"dependencies": {
				"lodash": "^4.17.14"
			}
		},
		"node_modules/asynckit": {
			"version": "0.4.0",
			"resolved": "https://registry.npmjs.org/asynckit/-/asynckit-0.4.0.tgz",
			"integrity": "sha512-Oei9OH4tRh0YqU3GxhX79dM/mwVgvbZJaSNaRk+bshkj0S5cfHcgYakreBjrHwatXKbz+IoIdYLxrKim2MjW0Q=="
		},
		"node_modules/class-plus": {
			"resolved": "../../node_modules/class-plus",
			"link": true
		},
		"node_modules/codemirror": {
			"version": "5.58.3",
			"resolved": "https://registry.npmjs.org/codemirror/-/codemirror-5.58.3.tgz",
			"integrity": "sha512-KBhB+juiyOOgn0AqtRmWyAT3yoElkuvWTI6hsHa9E6GQrl6bk/fdAYcvuqW1/upO9T9rtEtapWdw4XYcNiVDEA=="
		},
		"node_modules/combined-stream": {
			"version": "1.0.6",
			"resolved": "https://registry.npmjs.org/combined-stream/-/combined-stream-1.0.6.tgz",
			"integrity": "sha512-cN6NJ9NnPLDiP/CpmVC1knLFqNjD9Hi1vPsacL/WQP3v8cqVbZpbpX6NHmYJo2fR4B80CgE4cEgPWiDauAQzPw==",
			"dependencies": {
				"delayed-stream": "~1.0.0"
			},
			"engines": {
				"node": ">= 0.8"
			}
		},
		"node_modules/delayed-stream": {
			"version": "1.0.0",
			"resolved": "https://registry.npmjs.org/delayed-stream/-/delayed-stream-1.0.0.tgz",
			"integrity": "sha512-ZySD7Nf91aLB0RxL4KGrKHBXl7Eds1DAmEdcoVawXnLD7SDhpNgtuII2aAkg7a7QS41jxPSZ17p4VdGnMHk3MQ==",
			"engines": {
				"node": ">=0.4.0"
			}
		},
		"node_modules/errno": {
			"version": "0.1.7",
			"license": "MIT",
			"dependencies": {
				"prr": "~1.0.1"
			},
			"bin": {
				"errno": "cli.js"
			}
		},
		"node_modules/form-data": {
			"version": "2.3.2",
			"resolved": "https://registry.npmjs.org/form-data/-/form-data-2.3.2.tgz",
			"integrity": "sha512-6DD2fGWwyxCca2EASUT50GsxWEuwNQDpjMhD9TTaBvI1NE3nLkCr5v7nRdtlmG5g+mNqosdOVHVro+UGmp0Kcw==",
			"dependencies": {
				"asynckit": "^0.4.0",
				"combined-stream": "1.0.6",
				"mime-types": "^2.1.12"
			},
			"engines": {
				"node": ">= 0.12"
			}
		},
		"node_modules/jquery": {
			"version": "3.6.0",
			"license": "MIT"
		},
		"node_modules/lodash": {
			"version": "4.17.21",
			"license": "MIT"
		},
		"node_modules/marked": {
			"version": "2.0.3",
			"license": "MIT",
			"bin": {
				"marked": "bin/marked"
			},
			"engines": {
				"node": ">= 8.16.2"
			}
		},
		"node_modules/mime": {
			"version": "2.5.2",
			"license": "MIT",
			"bin": {
				"mime": "cli.js"
			},
			"engines": {
				"node": ">=4.0.0"
			}
		},
		"node_modules/mime-db": {
			"version": "1.52.0",
			"resolved": "https://registry.npmjs.org/mime-db/-/mime-db-1.52.0.tgz",
			"integrity": "sha512-sPU4uV7dYlvtWJxwwxHD0PuihVNiE7TyAbQ5SWxDCB9mUYvOgroQOwYQQOKPJ8CIbE+1ETVlOoK1UC2nU3gYvg==",
			"engines": {
				"node": ">= 0.6"
			}
		},
		"node_modules/mime-types": {
			"version": "2.1.35",
			"resolved": "https://registry.npmjs.org/mime-types/-/mime-types-2.1.35.tgz",
			"integrity": "sha512-ZDY+bPm5zTTF+YpCrAU9nK0UgICYPT0QtT1NZWFv4s++TNkcgVaT0g6+4R2uI4MjQjzysHB1zxuWL50hzaeXiw==",
			"dependencies": {
				"mime-db": "1.52.0"
			},
			"engines": {
				"node": ">= 0.6"
			}
		},
		"node_modules/orchestra-theme": {
			"resolved": "../../node_modules/orchestra-theme",
			"link": true
		},
		"node_modules/pixl-cache": {
			"version": "1.0.6",
			"resolved": "https://registry.npmjs.org/pixl-cache/-/pixl-cache-1.0.6.tgz",
			"integrity": "sha512-hUjTuSyJ+IHsz7rWdhu9QyD2955GL9k0vqb/kJDH9KQtKcRPc8HsmqVZoeFkkuj+miSELD6XfHsE8Gtm71TnfA=="
		},
		"node_modules/pixl-class": {
			"resolved": "../../node_modules/pixl-class",
			"link": true
		},
		"node_modules/pixl-cli": {
			"resolved": "../../node_modules/pixl-cli",
			"link": true
		},
		"node_modules/pixl-perf": {
			"version": "1.0.9",
			"resolved": "https://registry.npmjs.org/pixl-perf/-/pixl-perf-1.0.9.tgz",
			"integrity": "sha512-q/ji92X2drcK94CpzsE2YpBFMjMlD2xih62K5PqdteQHq/Nf9CwsbepYJXVOaSjvu9wGGlw7+x2A95/9traWSg==",
			"dependencies": {
				"pixl-class": "^1.0.3"
			}
		},
		"node_modules/pixl-request": {
			"version": "2.0.3",
			"resolved": "https://registry.npmjs.org/pixl-request/-/pixl-request-2.0.3.tgz",
			"integrity": "sha512-wkVLlkFYuN5rkJLPwdnquHJQC/GbzUwovKX1z5Jax4iBE4vEmOksrB7EjGqvqfAmTq5QOmhEl1J9sw+OsOFHww==",
			"dependencies": {
				"class-plus": "^2.0.0",
				"errno": "0.1.7",
				"form-data": "2.3.2",
				"pixl-perf": "^1.0.0",
				"pixl-xml": "^1.0.0"
			}
		},
		"node_modules/pixl-tools": {
			"resolved": "../../node_modules/pixl-tools",
			"link": true
		},
		"node_modules/pixl-xml": {
			"version": "1.0.13",
			"resolved": "https://registry.npmjs.org/pixl-xml/-/pixl-xml-1.0.13.tgz",
			"integrity": "sha512-TFFCqJKL6k3S284To1t8MQfqgiHIDXoLvOmuUm8XMIUotlRc2EIibx6fuKDDb5+0fN1o2tkTe1vRWVNk/HJqHQ=="
		},
		"node_modules/prr": {
			"version": "1.0.1",
			"license": "MIT"
		},
		"node_modules/uglify-js": {
			"version": "3.13.5",
			"license": "BSD-2-Clause",
			"bin": {
				"uglifyjs": "bin/uglifyjs"
			},
			"engines": {
				"node": ">=0.8.0"
			}
		},
		"node_modules/unscroll": {
			"version": "1.0.7",
			"license": "MIT"
		}
	}
}
